
Microsoft Visual Studio Solution File, Format Version 12.00
# Visual Studio Version 17
VisualStudioVersion = 17.5.33627.172
MinimumVisualStudioVersion = 10.0.40219.1
Project("{FAE04EC0-301F-11D3-BF4B-00C04F79EFBC}") = "DIRSHotelManagement", "DIRSHotelManagement\DIRSHotelManagement.csproj", "{72BA7A68-2DF2-4690-A3C6-D7F2B611CD34}"
EndProject
Project("{9A19103F-16F7-4668-BE54-9A1E7A4F7556}") = "DIRSHotel.Tests", "DIRSHotel.Tests\DIRSHotel.Tests.csproj", "{F60F339E-BBB9-432A-9EC6-8DFD5CC882A2}"
EndProject
Global
	GlobalSection(SolutionConfigurationPlatforms) = preSolution
		Debug|Any CPU = Debug|Any CPU
		Release|Any CPU = Release|Any CPU
	EndGlobalSection
	GlobalSection(ProjectConfigurationPlatforms) = postSolution
		{72BA7A68-2DF2-4690-A3C6-D7F2B611CD34}.Debug|Any CPU.ActiveCfg = Debug|Any CPU
		{72BA7A68-2DF2-4690-A3C6-D7F2B611CD34}.Debug|Any CPU.Build.0 = Debug|Any CPU
		{72BA7A68-2DF2-4690-A3C6-D7F2B611CD34}.Release|Any CPU.ActiveCfg = Release|Any CPU
		{72BA7A68-2DF2-4690-A3C6-D7F2B611CD34}.Release|Any CPU.Build.0 = Release|Any CPU
		{F60F339E-BBB9-432A-9EC6-8DFD5CC882A2}.Debug|Any CPU.ActiveCfg = Debug|Any CPU
		{F60F339E-BBB9-432A-9EC6-8DFD5CC882A2}.Debug|Any CPU.Build.0 = Debug|Any CPU
		{F60F339E-BBB9-432A-9EC6-8DFD5CC882A2}.Release|Any CPU.ActiveCfg = Release|Any CPU
		{F60F339E-BBB9-432A-9EC6-8DFD5CC882A2}.Release|Any CPU.Build.0 = Release|Any CPU
	EndGlobalSection
	GlobalSection(SolutionProperties) = preSolution
		HideSolutionNode = FALSE
	EndGlobalSection
	GlobalSection(ExtensibilityGlobals) = postSolution
		SolutionGuid = {CE91C913-AED2-468A-B0D2-47DC40AEFB2E}
	EndGlobalSection
EndGlobal
